
Microsoft Visual Studio Solution File, Format Version 12.00
# Visual Studio 15
VisualStudioVersion = 15.0.26430.13
MinimumVisualStudioVersion = 10.0.40219.1
Project("{FAE04EC0-301F-11D3-BF4B-00C04F79EFBC}") = "VainZero.Sample", "VainZero.Sample\VainZero.Sample.csproj", "{010DBE40-8E31-4EDD-A84A-99C0C4705D01}"
EndProject
Global
	GlobalSection(SolutionConfigurationPlatforms) = preSolution
		Debug|Any CPU = Debug|Any CPU
		Release|Any CPU = Release|Any CPU
	EndGlobalSection
	GlobalSection(ProjectConfigurationPlatforms) = postSolution
		{010DBE40-8E31-4EDD-A84A-99C0C4705D01}.Debug|Any CPU.ActiveCfg = Debug|Any CPU
		{010DBE40-8E31-4EDD-A84A-99C0C4705D01}.Debug|Any CPU.Build.0 = Debug|Any CPU
		{010DBE40-8E31-4EDD-A84A-99C0C4705D01}.Release|Any CPU.ActiveCfg = Release|Any CPU
		{010DBE40-8E31-4EDD-A84A-99C0C4705D01}.Release|Any CPU.Build.0 = Release|Any CPU
	EndGlobalSection
	GlobalSection(SolutionProperties) = preSolution
		HideSolutionNode = FALSE
	EndGlobalSection
EndGlobal
